
Microsoft Visual Studio Solution File, Format Version 12.00
# Visual Studio Version 17
VisualStudioVersion = 17.3.32819.101
MinimumVisualStudioVersion = 10.0.40219.1
Project("{2150E333-8FDC-42A3-9474-1A3956D46DE8}") = "src", "src", "{9F5DA621-7A42-43BA-80BE-F90E89ED1D3F}"
EndProject
Project("{FAE04EC0-301F-11D3-BF4B-00C04F79EFBC}") = "ProEvents.API", "src\ProEvents.API\ProEvents.API.csproj", "{F50E1E25-AE95-4C7C-8761-5000A246A235}"
EndProject
Project("{FAE04EC0-301F-11D3-BF4B-00C04F79EFBC}") = "ProEvents.Application", "src\ProEvents.Application\ProEvents.Application.csproj", "{AC89FA29-A68D-4B16-9870-0CEFF8BCDC08}"
EndProject
Project("{FAE04EC0-301F-11D3-BF4B-00C04F79EFBC}") = "ProEvents.Core", "src\ProEvents.Core\ProEvents.Core.csproj", "{63BAB10A-EC87-4D8E-8749-085864B7EA20}"
EndProject
Project("{FAE04EC0-301F-11D3-BF4B-00C04F79EFBC}") = "ProEvents.Infrastructure", "src\ProEvents.Infrastructure\ProEvents.Infrastructure.csproj", "{2F1AF0CA-5C49-43AD-B063-9F513971AFCB}"
EndProject
Global
	GlobalSection(SolutionConfigurationPlatforms) = preSolution
		Debug|Any CPU = Debug|Any CPU
		Release|Any CPU = Release|Any CPU
	EndGlobalSection
	GlobalSection(ProjectConfigurationPlatforms) = postSolution
		{F50E1E25-AE95-4C7C-8761-5000A246A235}.Debug|Any CPU.ActiveCfg = Debug|Any CPU
		{F50E1E25-AE95-4C7C-8761-5000A246A235}.Debug|Any CPU.Build.0 = Debug|Any CPU
		{F50E1E25-AE95-4C7C-8761-5000A246A235}.Release|Any CPU.ActiveCfg = Release|Any CPU
		{F50E1E25-AE95-4C7C-8761-5000A246A235}.Release|Any CPU.Build.0 = Release|Any CPU
		{AC89FA29-A68D-4B16-9870-0CEFF8BCDC08}.Debug|Any CPU.ActiveCfg = Debug|Any CPU
		{AC89FA29-A68D-4B16-9870-0CEFF8BCDC08}.Debug|Any CPU.Build.0 = Debug|Any CPU
		{AC89FA29-A68D-4B16-9870-0CEFF8BCDC08}.Release|Any CPU.ActiveCfg = Release|Any CPU
		{AC89FA29-A68D-4B16-9870-0CEFF8BCDC08}.Release|Any CPU.Build.0 = Release|Any CPU
		{63BAB10A-EC87-4D8E-8749-085864B7EA20}.Debug|Any CPU.ActiveCfg = Debug|Any CPU
		{63BAB10A-EC87-4D8E-8749-085864B7EA20}.Debug|Any CPU.Build.0 = Debug|Any CPU
		{63BAB10A-EC87-4D8E-8749-085864B7EA20}.Release|Any CPU.ActiveCfg = Release|Any CPU
		{63BAB10A-EC87-4D8E-8749-085864B7EA20}.Release|Any CPU.Build.0 = Release|Any CPU
		{2F1AF0CA-5C49-43AD-B063-9F513971AFCB}.Debug|Any CPU.ActiveCfg = Debug|Any CPU
		{2F1AF0CA-5C49-43AD-B063-9F513971AFCB}.Debug|Any CPU.Build.0 = Debug|Any CPU
		{2F1AF0CA-5C49-43AD-B063-9F513971AFCB}.Release|Any CPU.ActiveCfg = Release|Any CPU
		{2F1AF0CA-5C49-43AD-B063-9F513971AFCB}.Release|Any CPU.Build.0 = Release|Any CPU
	EndGlobalSection
	GlobalSection(SolutionProperties) = preSolution
		HideSolutionNode = FALSE
	EndGlobalSection
	GlobalSection(NestedProjects) = preSolution
		{F50E1E25-AE95-4C7C-8761-5000A246A235} = {9F5DA621-7A42-43BA-80BE-F90E89ED1D3F}
		{AC89FA29-A68D-4B16-9870-0CEFF8BCDC08} = {9F5DA621-7A42-43BA-80BE-F90E89ED1D3F}
		{63BAB10A-EC87-4D8E-8749-085864B7EA20} = {9F5DA621-7A42-43BA-80BE-F90E89ED1D3F}
		{2F1AF0CA-5C49-43AD-B063-9F513971AFCB} = {9F5DA621-7A42-43BA-80BE-F90E89ED1D3F}
	EndGlobalSection
	GlobalSection(ExtensibilityGlobals) = postSolution
		SolutionGuid = {DAED0B8F-D9C8-4FDE-B1BE-39E4C2CCF7BD}
	EndGlobalSection
EndGlobal
